dependencies:
- name: postgres
  repository: https://groundhog2k.github.io/helm-charts/
  version: 1.6.1
- name: keycloak
  repository: https://charts.bitnami.com/bitnami
  version: 25.2.0
- name: hermes
  repository: file://./charts/hermes
  version: 0.1.1
- name: data-handler
  repository: file://./charts/data-handler
  version: 0.1.4
- name: inference-engine
  repository: file://./charts/inference-engine
  version: 0.1.2
- name: frontend
  repository: file://./charts/frontend
  version: 0.1.1
digest: sha256:344c9c38eb94c0739b6c264be22fcab69627ad8a5ef5699e4efcd76be62c9ca0
generated: "2026-03-02T17:21:20.0511727Z"
