dependencies:
- name: postgres
  repository: https://groundhog2k.github.io/helm-charts/
  version: 1.6.1
- name: keycloak
  repository: https://charts.bitnami.com/bitnami
  version: 25.2.0
- name: hermes
  repository: file://./charts/hermes
  version: 0.1.1
- name: data-handler
  repository: file://./charts/data-handler
  version: 0.1.5
- name: inference-engine
  repository: file://./charts/inference-engine
  version: 0.1.2
- name: frontend
  repository: file://./charts/frontend
  version: 0.1.1
digest: sha256:f2d3dbf4f8f6131a4f4a0e72bbcd6e4d24aa912be71a0a6fb8a4935ac66229c7
generated: "2026-03-31T17:02:11.059217+01:00"
