dependencies:
- name: postgresql
  repository: https://charts.bitnami.com/bitnami
  version: 18.1.8
- name: keycloak
  repository: https://charts.bitnami.com/bitnami
  version: 25.2.0
- name: hermes
  repository: file://./charts/hermes
  version: 0.1.0
- name: data-handler
  repository: file://./charts/data-handler
  version: 0.1.1
- name: inference-engine
  repository: file://./charts/inference-engine
  version: 0.1.0
- name: frontend
  repository: file://./charts/frontend
  version: 0.1.0
digest: sha256:5f23361167ec634b2d1345f72b4d86bbbb316dcdf4103c71a56cd57f8d015e2e
generated: "2025-12-09T14:01:14.8244676Z"
