dependencies:
- name: postgresql
  repository: https://charts.bitnami.com/bitnami
  version: 18.1.8
- name: keycloak
  repository: https://charts.bitnami.com/bitnami
  version: 25.2.0
- name: hermes
  repository: file://./charts/hermes
  version: 0.1.0
- name: data-handler
  repository: file://./charts/data-handler
  version: 0.1.1
- name: inference-engine
  repository: file://./charts/inference-engine
  version: 0.1.1
- name: frontend
  repository: file://./charts/frontend
  version: 0.1.0
digest: sha256:09a0b00ad5b1a1b621cf98be156fc9666e220da039f07d899cc300224a696f41
generated: "2025-12-09T18:22:32.2116119Z"
